
Microsoft Visual Studio Solution File, Format Version 12.00
# Visual Studio Version 17
VisualStudioVersion = 17.0.32014.148
MinimumVisualStudioVersion = 10.0.40219.1
Project("{FAE04EC0-301F-11D3-BF4B-00C04F79EFBC}") = "Sinmai-Internal-Damage-Csharp", "Sinmai-Internal-Damage\Sinmai-Internal-Damage-Csharp.csproj", "{13940F58-B62C-4E16-AFF4-28D32536DBB5}"
EndProject
Global
	GlobalSection(SolutionConfigurationPlatforms) = preSolution
		Debug|Any CPU = Debug|Any CPU
		Release|Any CPU = Release|Any CPU
	EndGlobalSection
	GlobalSection(ProjectConfigurationPlatforms) = postSolution
		{13940F58-B62C-4E16-AFF4-28D32536DBB5}.Debug|Any CPU.ActiveCfg = Debug|Any CPU
		{13940F58-B62C-4E16-AFF4-28D32536DBB5}.Debug|Any CPU.Build.0 = Debug|Any CPU
		{13940F58-B62C-4E16-AFF4-28D32536DBB5}.Release|Any CPU.ActiveCfg = Release|Any CPU
		{13940F58-B62C-4E16-AFF4-28D32536DBB5}.Release|Any CPU.Build.0 = Release|Any CPU
	EndGlobalSection
	GlobalSection(SolutionProperties) = preSolution
		HideSolutionNode = FALSE
	EndGlobalSection
	GlobalSection(ExtensibilityGlobals) = postSolution
		SolutionGuid = {A852DA35-192F-46A4-95F6-494CEF98EB36}
	EndGlobalSection
EndGlobal
